version: 6
environments:
  default:
    channels:
    - url: https://conda.anaconda.org/conda-forge/
    packages:
      linux-64:
      - conda: https://conda.anaconda.org/conda-forge/linux-64/_libgcc_mutex-0.1-conda_forge.tar.bz2
      - conda: https://conda.anaconda.org/conda-forge/linux-64/_openmp_mutex-4.5-2_gnu.tar.bz2
      - conda: https://conda.anaconda.org/conda-forge/noarch/ca-certificates-2025.4.26-hbd8a1cb_0.conda
      - conda: https://conda.anaconda.org/conda-forge/linux-64/icu-75.1-he02047a_0.conda
      - conda: https://conda.anaconda.org/conda-forge/linux-64/libduckdb-1.4.2-h806918a_0.conda
      - conda: https://conda.anaconda.org/conda-forge/linux-64/libgcc-15.1.0-h767d61c_2.conda
      - conda: https://conda.anaconda.org/conda-forge/linux-64/libgcc-ng-15.1.0-h69a702a_2.conda
      - conda: https://conda.anaconda.org/conda-forge/linux-64/libgomp-15.1.0-h767d61c_2.conda
      - conda: https://conda.anaconda.org/conda-forge/linux-64/libstdcxx-15.1.0-h8f9b012_2.conda
      - conda: https://conda.anaconda.org/conda-forge/linux-64/libstdcxx-ng-15.1.0-h4852527_2.conda
      - conda: https://conda.anaconda.org/conda-forge/linux-64/openssl-3.5.4-h26f9b46_0.conda
      linux-aarch64:
      - conda: https://conda.anaconda.org/conda-forge/linux-aarch64/_openmp_mutex-4.5-2_gnu.tar.bz2
      - conda: https://conda.anaconda.org/conda-forge/noarch/ca-certificates-2025.4.26-hbd8a1cb_0.conda
      - conda: https://conda.anaconda.org/conda-forge/linux-aarch64/icu-75.1-hf9b3779_0.conda
      - conda: https://conda.anaconda.org/conda-forge/linux-aarch64/libduckdb-1.4.2-hac8f145_0.conda
      - conda: https://conda.anaconda.org/conda-forge/linux-aarch64/libgcc-15.1.0-he277a41_2.conda
      - conda: https://conda.anaconda.org/conda-forge/linux-aarch64/libgcc-ng-15.1.0-he9431aa_2.conda
      - conda: https://conda.anaconda.org/conda-forge/linux-aarch64/libgomp-15.1.0-he277a41_2.conda
      - conda: https://conda.anaconda.org/conda-forge/linux-aarch64/libstdcxx-15.1.0-h3f4de04_2.conda
      - conda: https://conda.anaconda.org/conda-forge/linux-aarch64/libstdcxx-ng-15.1.0-hf1166c9_2.conda
      - conda: https://conda.anaconda.org/conda-forge/linux-aarch64/openssl-3.5.4-h8e36d6e_0.conda
      osx-64:
      - conda: https://conda.anaconda.org/conda-forge/noarch/ca-certificates-2025.4.26-hbd8a1cb_0.conda
      - conda: https://conda.anaconda.org/conda-forge/osx-64/icu-75.1-h120a0e1_0.conda
      - conda: https://conda.anaconda.org/conda-forge/osx-64/libcxx-20.1.4-hf95d169_1.conda
      - conda: https://conda.anaconda.org/conda-forge/osx-64/libduckdb-1.4.2-hcb213eb_0.conda
      - conda: https://conda.anaconda.org/conda-forge/osx-64/openssl-3.5.4-h230baf5_0.conda
      osx-arm64:
      - conda: https://conda.anaconda.org/conda-forge/noarch/ca-certificates-2025.4.26-hbd8a1cb_0.conda
      - conda: https://conda.anaconda.org/conda-forge/osx-arm64/icu-75.1-hfee45f7_0.conda
      - conda: https://conda.anaconda.org/conda-forge/osx-arm64/libcxx-20.1.4-ha82da77_1.conda
      - conda: https://conda.anaconda.org/conda-forge/osx-arm64/libduckdb-1.4.2-h8c2ad18_0.conda
      - conda: https://conda.anaconda.org/conda-forge/osx-arm64/openssl-3.5.4-h5503f6c_0.conda
packages:
- conda: https://conda.anaconda.org/conda-forge/linux-64/_libgcc_mutex-0.1-conda_forge.tar.bz2
  sha256: fe51de6107f9edc7aa4f786a70f4a883943bc9d39b3bb7307c04c41410990726
  md5: d7c89558ba9fa0495403155b64376d81
  license: None
  size: 2562
  timestamp: 1578324546067
- conda: https://conda.anaconda.org/conda-forge/linux-64/_openmp_mutex-4.5-2_gnu.tar.bz2
  build_number: 16
  sha256: fbe2c5e56a653bebb982eda4876a9178aedfc2b545f25d0ce9c4c0b508253d22
  md5: 73aaf86a425cc6e73fcf236a5a46396d
  depends:
  - _libgcc_mutex 0.1 conda_forge
  - libgomp >=7.5.0
  constrains:
  - openmp_impl 9999
  license: BSD-3-Clause
  license_family: BSD
  size: 23621
  timestamp: 1650670423406
- conda: https://conda.anaconda.org/conda-forge/linux-aarch64/_openmp_mutex-4.5-2_gnu.tar.bz2
  build_number: 16
  sha256: 3702bef2f0a4d38bd8288bbe54aace623602a1343c2cfbefd3fa188e015bebf0
  md5: 6168d71addc746e8f2b8d57dfd2edcea
  depends:
  - libgomp >=7.5.0
  constrains:
  - openmp_impl 9999
  license: BSD-3-Clause
  license_family: BSD
  size: 23712
  timestamp: 1650670790230
- conda: https://conda.anaconda.org/conda-forge/noarch/ca-certificates-2025.4.26-hbd8a1cb_0.conda
  sha256: 2a70ed95ace8a3f8a29e6cd1476a943df294a7111dfb3e152e3478c4c889b7ac
  md5: 95db94f75ba080a22eb623590993167b
  depends:
  - __unix
  license: ISC
  size: 152283
  timestamp: 1745653616541
- conda: https://conda.anaconda.org/conda-forge/linux-64/icu-75.1-he02047a_0.conda
  sha256: 71e750d509f5fa3421087ba88ef9a7b9be11c53174af3aa4d06aff4c18b38e8e
  md5: 8b189310083baabfb622af68fd9d3ae3
  depends:
  - __glibc >=2.17,<3.0.a0
  - libgcc-ng >=12
  - libstdcxx-ng >=12
  license: MIT
  license_family: MIT
  size: 12129203
  timestamp: 1720853576813
- conda: https://conda.anaconda.org/conda-forge/linux-aarch64/icu-75.1-hf9b3779_0.conda
  sha256: 813298f2e54ef087dbfc9cc2e56e08ded41de65cff34c639cc8ba4e27e4540c9
  md5: 268203e8b983fddb6412b36f2024e75c
  depends:
  - libgcc-ng >=12
  - libstdcxx-ng >=12
  license: MIT
  license_family: MIT
  size: 12282786
  timestamp: 1720853454991
- conda: https://conda.anaconda.org/conda-forge/osx-64/icu-75.1-h120a0e1_0.conda
  sha256: 2e64307532f482a0929412976c8450c719d558ba20c0962832132fd0d07ba7a7
  md5: d68d48a3060eb5abdc1cdc8e2a3a5966
  depends:
  - __osx >=10.13
  license: MIT
  license_family: MIT
  size: 11761697
  timestamp: 1720853679409
- conda: https://conda.anaconda.org/conda-forge/osx-arm64/icu-75.1-hfee45f7_0.conda
  sha256: 9ba12c93406f3df5ab0a43db8a4b4ef67a5871dfd401010fbe29b218b2cbe620
  md5: 5eb22c1d7b3fc4abb50d92d621583137
  depends:
  - __osx >=11.0
  license: MIT
  license_family: MIT
  size: 11857802
  timestamp: 1720853997952
- conda: https://conda.anaconda.org/conda-forge/osx-64/libcxx-20.1.4-hf95d169_1.conda
  sha256: 63676ac19e9819ae01506cfd353b2d202188981c753ea34634c4afbf3c1c6a2c
  md5: 2d8e0efc0788d49051e7e02ad6571340
  depends:
  - __osx >=10.13
  license: Apache-2.0 WITH LLVM-exception
  license_family: Apache
  size: 561294
  timestamp: 1746653898484
- conda: https://conda.anaconda.org/conda-forge/osx-arm64/libcxx-20.1.4-ha82da77_1.conda
  sha256: 365c2c7bd017ebb8d3605b2f5c23bac7b35e2de8f26ddc46552fa6b4c61c6c13
  md5: 85be146c49d0a2f6ca59cf4c8b58db47
  depends:
  - __osx >=11.0
  license: Apache-2.0 WITH LLVM-exception
  license_family: Apache
  size: 567046
  timestamp: 1746653977544
- conda: https://conda.anaconda.org/conda-forge/linux-64/libduckdb-1.4.2-h806918a_0.conda
  sha256: 0c1049718cb0381be54c59d35fb354f7214dfe9b3edb49cb8d813679d1bbc5f5
  md5: d38aca5bf1b10d001bd8fa93f8c0ba56
  depends:
  - __glibc >=2.17,<3.0.a0
  - icu >=75.1,<76.0a0
  - libgcc >=14
  - libstdcxx >=14
  - openssl >=3.5.4,<4.0a0
  license: MIT
  license_family: MIT
  size: 13982209
  timestamp: 1763562217154
- conda: https://conda.anaconda.org/conda-forge/linux-aarch64/libduckdb-1.4.2-hac8f145_0.conda
  sha256: 0357b895cebc8ed489d0eea8ccb9abdfbd6fd5d2fd59e2bbc7497efc7fd71693
  md5: db280815639f6cd11eb04621668f90b4
  depends:
  - icu >=75.1,<76.0a0
  - libgcc >=14
  - libstdcxx >=14
  - openssl >=3.5.4,<4.0a0
  license: MIT
  license_family: MIT
  size: 12639857
  timestamp: 1763562974722
- conda: https://conda.anaconda.org/conda-forge/osx-64/libduckdb-1.4.2-hcb213eb_0.conda
  sha256: e1c7b6d5c71c1097c37b0d2b2c772709b765b264e20d57b62f982e5ec5f1fcdf
  md5: f55c54586134c4d9bba94745dcc2a103
  depends:
  - __osx >=10.13
  - icu >=75.1,<76.0a0
  - libcxx >=19
  - openssl >=3.5.4,<4.0a0
  license: MIT
  license_family: MIT
  size: 10486953
  timestamp: 1763563521314
- conda: https://conda.anaconda.org/conda-forge/osx-arm64/libduckdb-1.4.2-h8c2ad18_0.conda
  sha256: 4a15ffdaa6b26ec01398b8b61aecdc5e5b235e3cf83eadcfe0ee855e9b3217eb
  md5: f77a121a784dc6e8926ccb6a132e44a9
  depends:
  - __osx >=11.0
  - icu >=75.1,<76.0a0
  - libcxx >=19
  - openssl >=3.5.4,<4.0a0
  license: MIT
  license_family: MIT
  size: 9037652
  timestamp: 1763562236289
- conda: https://conda.anaconda.org/conda-forge/linux-64/libgcc-15.1.0-h767d61c_2.conda
  sha256: 0024f9ab34c09629621aefd8603ef77bf9d708129b0dd79029e502c39ffc2195
  md5: ea8ac52380885ed41c1baa8f1d6d2b93
  depends:
  - __glibc >=2.17,<3.0.a0
  - _openmp_mutex >=4.5
  constrains:
  - libgcc-ng ==15.1.0=*_2
  - libgomp 15.1.0 h767d61c_2
  license: GPL-3.0-only WITH GCC-exception-3.1
  license_family: GPL
  size: 829108
  timestamp: 1746642191935
- conda: https://conda.anaconda.org/conda-forge/linux-aarch64/libgcc-15.1.0-he277a41_2.conda
  sha256: e5977d63d48507bfa4e86b3052b3d14bae7ea80c3f8b4018868995275b6cc0d8
  md5: 224e999bbcad260d7bd4c0c27fdb99a4
  depends:
  - _openmp_mutex >=4.5
  constrains:
  - libgcc-ng ==15.1.0=*_2
  - libgomp 15.1.0 he277a41_2
  license: GPL-3.0-only WITH GCC-exception-3.1
  license_family: GPL
  size: 516718
  timestamp: 1746656727616
- conda: https://conda.anaconda.org/conda-forge/linux-64/libgcc-ng-15.1.0-h69a702a_2.conda
  sha256: 0ab5421a89f090f3aa33841036bb3af4ed85e1f91315b528a9d75fab9aad51ae
  md5: ddca86c7040dd0e73b2b69bd7833d225
  depends:
  - libgcc 15.1.0 h767d61c_2
  license: GPL-3.0-only WITH GCC-exception-3.1
  license_family: GPL
  size: 34586
  timestamp: 1746642200749
- conda: https://conda.anaconda.org/conda-forge/linux-aarch64/libgcc-ng-15.1.0-he9431aa_2.conda
  sha256: fe22ddd0f7922edb0b515959ff1180d1143060fc5bfc3739ff4c6a94762c50c6
  md5: d12a4b26073751bbc3db18de83ccba5f
  depends:
  - libgcc 15.1.0 he277a41_2
  license: GPL-3.0-only WITH GCC-exception-3.1
  license_family: GPL
  size: 34773
  timestamp: 1746656732548
- conda: https://conda.anaconda.org/conda-forge/linux-64/libgomp-15.1.0-h767d61c_2.conda
  sha256: 05fff3dc7e80579bc28de13b511baec281c4343d703c406aefd54389959154fb
  md5: fbe7d535ff9d3a168c148e07358cd5b1
  depends:
  - __glibc >=2.17,<3.0.a0
  license: GPL-3.0-only WITH GCC-exception-3.1
  license_family: GPL
  size: 452635
  timestamp: 1746642113092
- conda: https://conda.anaconda.org/conda-forge/linux-aarch64/libgomp-15.1.0-he277a41_2.conda
  sha256: 6362d457591144a4e50247ff60cb2655eb2cf4a7a99dde9e4d7c2d22af20a038
  md5: a28544b28961994eab37e1132a7dadcf
  license: GPL-3.0-only WITH GCC-exception-3.1
  license_family: GPL
  size: 456053
  timestamp: 1746656635944
- conda: https://conda.anaconda.org/conda-forge/linux-64/libstdcxx-15.1.0-h8f9b012_2.conda
  sha256: 6ae3d153e78f6069d503d9309f2cac6de5b93d067fc6433160a4c05226a5dad4
  md5: 1cb1c67961f6dd257eae9e9691b341aa
  depends:
  - __glibc >=2.17,<3.0.a0
  - libgcc 15.1.0 h767d61c_2
  license: GPL-3.0-only WITH GCC-exception-3.1
  license_family: GPL
  size: 3902355
  timestamp: 1746642227493
- conda: https://conda.anaconda.org/conda-forge/linux-aarch64/libstdcxx-15.1.0-h3f4de04_2.conda
  sha256: 15c57c226ecc981714f96d07232c67c27703e42bbe2460dbf9b6122720d0704a
  md5: 6247ea6d1ecac20a9e98674342984726
  depends:
  - libgcc 15.1.0 he277a41_2
  license: GPL-3.0-only WITH GCC-exception-3.1
  license_family: GPL
  size: 3838578
  timestamp: 1746656751553
- conda: https://conda.anaconda.org/conda-forge/linux-64/libstdcxx-ng-15.1.0-h4852527_2.conda
  sha256: 11bea86e11de7d6bce87589197a383344df3fa0a3552dab7e931785ff1159a5b
  md5: 9d2072af184b5caa29492bf2344597bb
  depends:
  - libstdcxx 15.1.0 h8f9b012_2
  license: GPL-3.0-only WITH GCC-exception-3.1
  license_family: GPL
  size: 34647
  timestamp: 1746642266826
- conda: https://conda.anaconda.org/conda-forge/linux-aarch64/libstdcxx-ng-15.1.0-hf1166c9_2.conda
  sha256: f9fa45e88d296ca0a740579c7d74f50aaa3a24bef8cfe7dd359e89cdbd6fe1ea
  md5: 18e532d1a39ae9f78cc8988a034f1cae
  depends:
  - libstdcxx 15.1.0 h3f4de04_2
  license: GPL-3.0-only WITH GCC-exception-3.1
  license_family: GPL
  size: 34860
  timestamp: 1746656784407
- conda: https://conda.anaconda.org/conda-forge/linux-64/openssl-3.5.4-h26f9b46_0.conda
  sha256: e807f3bad09bdf4075dbb4168619e14b0c0360bacb2e12ef18641a834c8c5549
  md5: 14edad12b59ccbfa3910d42c72adc2a0
  depends:
  - __glibc >=2.17,<3.0.a0
  - ca-certificates
  - libgcc >=14
  license: Apache-2.0
  license_family: Apache
  size: 3119624
  timestamp: 1759324353651
- conda: https://conda.anaconda.org/conda-forge/linux-aarch64/openssl-3.5.4-h8e36d6e_0.conda
  sha256: a24b318733c98903e2689adc7ef73448e27cbb10806852032c023f0ea4446fc5
  md5: 9303e8887afe539f78517951ce25cd13
  depends:
  - ca-certificates
  - libgcc >=14
  license: Apache-2.0
  license_family: Apache
  size: 3644584
  timestamp: 1759326000128
- conda: https://conda.anaconda.org/conda-forge/osx-64/openssl-3.5.4-h230baf5_0.conda
  sha256: 3ce8467773b2472b2919412fd936413f05a9b10c42e52c27bbddc923ef5da78a
  md5: 075eaad78f96bbf5835952afbe44466e
  depends:
  - __osx >=10.13
  - ca-certificates
  license: Apache-2.0
  license_family: Apache
  size: 2747108
  timestamp: 1759326402264
- conda: https://conda.anaconda.org/conda-forge/osx-arm64/openssl-3.5.4-h5503f6c_0.conda
  sha256: f0512629f9589392c2fb9733d11e753d0eab8fc7602f96e4d7f3bd95c783eb07
  md5: 71118318f37f717eefe55841adb172fd
  depends:
  - __osx >=11.0
  - ca-certificates
  license: Apache-2.0
  license_family: Apache
  size: 3067808
  timestamp: 1759324763146
