version: 6
environments:
  default:
    channels:
    - url: https://conda.anaconda.org/conda-forge/
    packages:
      linux-64:
      - conda: https://conda.anaconda.org/conda-forge/linux-64/_libgcc_mutex-0.1-conda_forge.tar.bz2
      - conda: https://conda.anaconda.org/conda-forge/linux-64/_openmp_mutex-4.5-2_gnu.tar.bz2
      - conda: https://conda.anaconda.org/conda-forge/noarch/ca-certificates-2025.4.26-hbd8a1cb_0.conda
      - conda: https://conda.anaconda.org/conda-forge/linux-64/icu-78.2-h33c6efd_0.conda
      - conda: https://conda.anaconda.org/conda-forge/linux-64/libduckdb-1.5.0-h77cc3ed_0.conda
      - conda: https://conda.anaconda.org/conda-forge/linux-64/libgcc-15.1.0-h767d61c_2.conda
      - conda: https://conda.anaconda.org/conda-forge/linux-64/libgomp-15.1.0-h767d61c_2.conda
      - conda: https://conda.anaconda.org/conda-forge/linux-64/libstdcxx-15.1.0-h8f9b012_2.conda
      - conda: https://conda.anaconda.org/conda-forge/linux-64/openssl-3.6.1-h35e630c_1.conda
      linux-aarch64:
      - conda: https://conda.anaconda.org/conda-forge/linux-aarch64/_openmp_mutex-4.5-2_gnu.tar.bz2
      - conda: https://conda.anaconda.org/conda-forge/noarch/ca-certificates-2025.4.26-hbd8a1cb_0.conda
      - conda: https://conda.anaconda.org/conda-forge/linux-aarch64/icu-78.2-hb1525cb_0.conda
      - conda: https://conda.anaconda.org/conda-forge/linux-aarch64/libduckdb-1.5.0-h080e337_0.conda
      - conda: https://conda.anaconda.org/conda-forge/linux-aarch64/libgcc-15.1.0-he277a41_2.conda
      - conda: https://conda.anaconda.org/conda-forge/linux-aarch64/libgomp-15.1.0-he277a41_2.conda
      - conda: https://conda.anaconda.org/conda-forge/linux-aarch64/libstdcxx-15.1.0-h3f4de04_2.conda
      - conda: https://conda.anaconda.org/conda-forge/linux-aarch64/openssl-3.6.1-h546c87b_1.conda
      osx-64:
      - conda: https://conda.anaconda.org/conda-forge/noarch/ca-certificates-2025.4.26-hbd8a1cb_0.conda
      - conda: https://conda.anaconda.org/conda-forge/osx-64/icu-78.2-h14c5de8_0.conda
      - conda: https://conda.anaconda.org/conda-forge/osx-64/libcxx-20.1.4-hf95d169_1.conda
      - conda: https://conda.anaconda.org/conda-forge/osx-64/libduckdb-1.5.0-hdf2bf03_0.conda
      - conda: https://conda.anaconda.org/conda-forge/osx-64/openssl-3.6.1-hb6871ef_1.conda
      osx-arm64:
      - conda: https://conda.anaconda.org/conda-forge/noarch/ca-certificates-2025.4.26-hbd8a1cb_0.conda
      - conda: https://conda.anaconda.org/conda-forge/osx-arm64/icu-78.2-h38cb7af_0.conda
      - conda: https://conda.anaconda.org/conda-forge/osx-arm64/libcxx-20.1.4-ha82da77_1.conda
      - conda: https://conda.anaconda.org/conda-forge/osx-arm64/libduckdb-1.5.0-h067f6b4_0.conda
      - conda: https://conda.anaconda.org/conda-forge/osx-arm64/openssl-3.6.1-hd24854e_1.conda
packages:
- conda: https://conda.anaconda.org/conda-forge/linux-64/_libgcc_mutex-0.1-conda_forge.tar.bz2
  sha256: fe51de6107f9edc7aa4f786a70f4a883943bc9d39b3bb7307c04c41410990726
  md5: d7c89558ba9fa0495403155b64376d81
  license: None
  size: 2562
  timestamp: 1578324546067
- conda: https://conda.anaconda.org/conda-forge/linux-64/_openmp_mutex-4.5-2_gnu.tar.bz2
  build_number: 16
  sha256: fbe2c5e56a653bebb982eda4876a9178aedfc2b545f25d0ce9c4c0b508253d22
  md5: 73aaf86a425cc6e73fcf236a5a46396d
  depends:
  - _libgcc_mutex 0.1 conda_forge
  - libgomp >=7.5.0
  constrains:
  - openmp_impl 9999
  license: BSD-3-Clause
  license_family: BSD
  size: 23621
  timestamp: 1650670423406
- conda: https://conda.anaconda.org/conda-forge/linux-aarch64/_openmp_mutex-4.5-2_gnu.tar.bz2
  build_number: 16
  sha256: 3702bef2f0a4d38bd8288bbe54aace623602a1343c2cfbefd3fa188e015bebf0
  md5: 6168d71addc746e8f2b8d57dfd2edcea
  depends:
  - libgomp >=7.5.0
  constrains:
  - openmp_impl 9999
  license: BSD-3-Clause
  license_family: BSD
  size: 23712
  timestamp: 1650670790230
- conda: https://conda.anaconda.org/conda-forge/noarch/ca-certificates-2025.4.26-hbd8a1cb_0.conda
  sha256: 2a70ed95ace8a3f8a29e6cd1476a943df294a7111dfb3e152e3478c4c889b7ac
  md5: 95db94f75ba080a22eb623590993167b
  depends:
  - __unix
  license: ISC
  size: 152283
  timestamp: 1745653616541
- conda: https://conda.anaconda.org/conda-forge/linux-64/icu-78.2-h33c6efd_0.conda
  sha256: 142a722072fa96cf16ff98eaaf641f54ab84744af81754c292cb81e0881c0329
  md5: 186a18e3ba246eccfc7cff00cd19a870
  depends:
  - __glibc >=2.17,<3.0.a0
  - libgcc >=14
  - libstdcxx >=14
  license: MIT
  license_family: MIT
  size: 12728445
  timestamp: 1767969922681
- conda: https://conda.anaconda.org/conda-forge/linux-aarch64/icu-78.2-hb1525cb_0.conda
  sha256: 09f7f9213eb68e7e4291cd476e72b37f3ded99ed957528567f32f5ba6b611043
  md5: 15b35dc33e185e7d2aac1cfcd6778627
  depends:
  - libgcc >=14
  - libstdcxx >=14
  license: MIT
  license_family: MIT
  size: 12852963
  timestamp: 1767975394622
- conda: https://conda.anaconda.org/conda-forge/osx-64/icu-78.2-h14c5de8_0.conda
  sha256: f3066beae7fe3002f09c8a412cdf1819f49a2c9a485f720ec11664330cf9f1fe
  md5: 30334add4de016489b731c6662511684
  depends:
  - __osx >=10.13
  license: MIT
  license_family: MIT
  size: 12263724
  timestamp: 1767970604977
- conda: https://conda.anaconda.org/conda-forge/osx-arm64/icu-78.2-h38cb7af_0.conda
  sha256: d4cefbca587429d1192509edc52c88de52bc96c2447771ddc1f8bee928aed5ef
  md5: 1e93aca311da0210e660d2247812fa02
  depends:
  - __osx >=11.0
  license: MIT
  license_family: MIT
  size: 12358010
  timestamp: 1767970350308
- conda: https://conda.anaconda.org/conda-forge/osx-64/libcxx-20.1.4-hf95d169_1.conda
  sha256: 63676ac19e9819ae01506cfd353b2d202188981c753ea34634c4afbf3c1c6a2c
  md5: 2d8e0efc0788d49051e7e02ad6571340
  depends:
  - __osx >=10.13
  license: Apache-2.0 WITH LLVM-exception
  license_family: Apache
  size: 561294
  timestamp: 1746653898484
- conda: https://conda.anaconda.org/conda-forge/osx-arm64/libcxx-20.1.4-ha82da77_1.conda
  sha256: 365c2c7bd017ebb8d3605b2f5c23bac7b35e2de8f26ddc46552fa6b4c61c6c13
  md5: 85be146c49d0a2f6ca59cf4c8b58db47
  depends:
  - __osx >=11.0
  license: Apache-2.0 WITH LLVM-exception
  license_family: Apache
  size: 567046
  timestamp: 1746653977544
- conda: https://conda.anaconda.org/conda-forge/linux-64/libduckdb-1.5.0-h77cc3ed_0.conda
  sha256: 256834967c8c02d0953786b6f4561c114f49e5df712e4f193bdccffab75f154e
  md5: 49377e2e581e160c8b5d2d59cf4f2dc6
  depends:
  - __glibc >=2.17,<3.0.a0
  - icu >=78.2,<79.0a0
  - libgcc >=14
  - libstdcxx >=14
  - openssl >=3.5.5,<4.0a0
  license: MIT
  license_family: MIT
  size: 15179999
  timestamp: 1773107673666
- conda: https://conda.anaconda.org/conda-forge/linux-aarch64/libduckdb-1.5.0-h080e337_0.conda
  sha256: 81fb114239dcb1e25b8bd9e6544098413e13ff3863a8984227bd7219f12ca81b
  md5: 10f9839199c4c2f18a021b23975c63cc
  depends:
  - icu >=78.2,<79.0a0
  - libgcc >=14
  - libstdcxx >=14
  - openssl >=3.5.5,<4.0a0
  license: MIT
  license_family: MIT
  size: 13810374
  timestamp: 1773108028806
- conda: https://conda.anaconda.org/conda-forge/osx-64/libduckdb-1.5.0-hdf2bf03_0.conda
  sha256: 7297405787792044bd39d359732dd3f43ed08a851d539e33b775e0e1e410f5fd
  md5: b163b6b41c8158c3c5d3492713b003b5
  depends:
  - __osx >=11.0
  - icu >=78.2,<79.0a0
  - libcxx >=19
  - openssl >=3.5.5,<4.0a0
  license: MIT
  license_family: MIT
  size: 11595205
  timestamp: 1773105912933
- conda: https://conda.anaconda.org/conda-forge/osx-arm64/libduckdb-1.5.0-h067f6b4_0.conda
  sha256: 5fb0d463971f4cacf6ca5d36bcac2bd2eadf1497dc63beceb58420a5708a50c3
  md5: 58c826308f80c181f984b502506c0abb
  depends:
  - __osx >=11.0
  - icu >=78.2,<79.0a0
  - libcxx >=19
  - openssl >=3.5.5,<4.0a0
  license: MIT
  license_family: MIT
  size: 9902454
  timestamp: 1773106747645
- conda: https://conda.anaconda.org/conda-forge/linux-64/libgcc-15.1.0-h767d61c_2.conda
  sha256: 0024f9ab34c09629621aefd8603ef77bf9d708129b0dd79029e502c39ffc2195
  md5: ea8ac52380885ed41c1baa8f1d6d2b93
  depends:
  - __glibc >=2.17,<3.0.a0
  - _openmp_mutex >=4.5
  constrains:
  - libgcc-ng ==15.1.0=*_2
  - libgomp 15.1.0 h767d61c_2
  license: GPL-3.0-only WITH GCC-exception-3.1
  license_family: GPL
  size: 829108
  timestamp: 1746642191935
- conda: https://conda.anaconda.org/conda-forge/linux-aarch64/libgcc-15.1.0-he277a41_2.conda
  sha256: e5977d63d48507bfa4e86b3052b3d14bae7ea80c3f8b4018868995275b6cc0d8
  md5: 224e999bbcad260d7bd4c0c27fdb99a4
  depends:
  - _openmp_mutex >=4.5
  constrains:
  - libgcc-ng ==15.1.0=*_2
  - libgomp 15.1.0 he277a41_2
  license: GPL-3.0-only WITH GCC-exception-3.1
  license_family: GPL
  size: 516718
  timestamp: 1746656727616
- conda: https://conda.anaconda.org/conda-forge/linux-64/libgomp-15.1.0-h767d61c_2.conda
  sha256: 05fff3dc7e80579bc28de13b511baec281c4343d703c406aefd54389959154fb
  md5: fbe7d535ff9d3a168c148e07358cd5b1
  depends:
  - __glibc >=2.17,<3.0.a0
  license: GPL-3.0-only WITH GCC-exception-3.1
  license_family: GPL
  size: 452635
  timestamp: 1746642113092
- conda: https://conda.anaconda.org/conda-forge/linux-aarch64/libgomp-15.1.0-he277a41_2.conda
  sha256: 6362d457591144a4e50247ff60cb2655eb2cf4a7a99dde9e4d7c2d22af20a038
  md5: a28544b28961994eab37e1132a7dadcf
  license: GPL-3.0-only WITH GCC-exception-3.1
  license_family: GPL
  size: 456053
  timestamp: 1746656635944
- conda: https://conda.anaconda.org/conda-forge/linux-64/libstdcxx-15.1.0-h8f9b012_2.conda
  sha256: 6ae3d153e78f6069d503d9309f2cac6de5b93d067fc6433160a4c05226a5dad4
  md5: 1cb1c67961f6dd257eae9e9691b341aa
  depends:
  - __glibc >=2.17,<3.0.a0
  - libgcc 15.1.0 h767d61c_2
  license: GPL-3.0-only WITH GCC-exception-3.1
  license_family: GPL
  size: 3902355
  timestamp: 1746642227493
- conda: https://conda.anaconda.org/conda-forge/linux-aarch64/libstdcxx-15.1.0-h3f4de04_2.conda
  sha256: 15c57c226ecc981714f96d07232c67c27703e42bbe2460dbf9b6122720d0704a
  md5: 6247ea6d1ecac20a9e98674342984726
  depends:
  - libgcc 15.1.0 he277a41_2
  license: GPL-3.0-only WITH GCC-exception-3.1
  license_family: GPL
  size: 3838578
  timestamp: 1746656751553
- conda: https://conda.anaconda.org/conda-forge/linux-64/openssl-3.6.1-h35e630c_1.conda
  sha256: 44c877f8af015332a5d12f5ff0fb20ca32f896526a7d0cdb30c769df1144fb5c
  md5: f61eb8cd60ff9057122a3d338b99c00f
  depends:
  - __glibc >=2.17,<3.0.a0
  - ca-certificates
  - libgcc >=14
  license: Apache-2.0
  license_family: Apache
  size: 3164551
  timestamp: 1769555830639
- conda: https://conda.anaconda.org/conda-forge/linux-aarch64/openssl-3.6.1-h546c87b_1.conda
  sha256: 7f8048c0e75b2620254218d72b4ae7f14136f1981c5eb555ef61645a9344505f
  md5: 25f5885f11e8b1f075bccf4a2da91c60
  depends:
  - ca-certificates
  - libgcc >=14
  license: Apache-2.0
  license_family: Apache
  size: 3692030
  timestamp: 1769557678657
- conda: https://conda.anaconda.org/conda-forge/osx-64/openssl-3.6.1-hb6871ef_1.conda
  sha256: e02e5639b0e4d6d4fcf0f3b082642844fb5a37316f5b0a1126c6271347462e90
  md5: 30bb8d08b99b9a7600d39efb3559fff0
  depends:
  - __osx >=10.13
  - ca-certificates
  license: Apache-2.0
  license_family: Apache
  size: 2777136
  timestamp: 1769557662405
- conda: https://conda.anaconda.org/conda-forge/osx-arm64/openssl-3.6.1-hd24854e_1.conda
  sha256: 361f5c5e60052abc12bdd1b50d7a1a43e6a6653aab99a2263bf2288d709dcf67
  md5: f4f6ad63f98f64191c3e77c5f5f29d76
  depends:
  - __osx >=11.0
  - ca-certificates
  license: Apache-2.0
  license_family: Apache
  size: 3104268
  timestamp: 1769556384749
